# This file is automatically @generated by Cargo.
# It is not intended for manual editing.
[[package]]
name = "gamedev"
version = "0.1.0"
dependencies = [
 "srgl 0.1.0",
]

[[package]]
name = "libsrgl-event"
version = "0.1.0"

[[package]]
name = "libsrgl-reaction"
version = "0.1.0"

[[package]]
name = "srgl"
version = "0.1.0"
dependencies = [
 "libsrgl-event 0.1.0",
 "libsrgl-reaction 0.1.0",
]

