# This file is automatically @generated by Cargo.
# It is not intended for manual editing.
[[package]]
name = "gamedev"
version = "0.1.0"
dependencies = [
 "srgl 0.1.0",
 "srgl-input 0.1.0",
 "srgl-output 0.1.0",
]

[[package]]
name = "srgl"
version = "0.1.0"
dependencies = [
 "srgl-input 0.1.0",
 "srgl-output 0.1.0",
]

[[package]]
name = "srgl-input"
version = "0.1.0"

[[package]]
name = "srgl-output"
version = "0.1.0"

